Microsoft Visual Studio Solution File, Format Version 12.00
# Visual Studio Version 17
VisualStudioVersion = 17.5.2.0
MinimumVisualStudioVersion = 10.0.40219.1
Project("{2150E333-8FDC-42A3-9474-1A3956D46DE8}") = "api", "api", "{D82C56D6-B2CD-F611-9E31-04638F7EC30E}"
EndProject
Project("{FAE04EC0-301F-11D3-BF4B-00C04F79EFBC}") = "PokemonApi", "api\src\PokemonApi\PokemonApi.csproj", "{666D056B-0CFB-DDF1-B9F0-BBBC7A4271C4}"
EndProject
Project("{FAE04EC0-301F-11D3-BF4B-00C04F79EFBC}") = "PokemonApi.Tests", "api\tests\PokemonApi.Tests\PokemonApi.Tests.csproj", "{0E661D81-CEDD-4A92-B85C-80404E224DB0}"
EndProject
Global
	GlobalSection(SolutionConfigurationPlatforms) = preSolution
		Debug|Any CPU = Debug|Any CPU
		Release|Any CPU = Release|Any CPU
	EndGlobalSection
	GlobalSection(ProjectConfigurationPlatforms) = postSolution
		{666D056B-0CFB-DDF1-B9F0-BBBC7A4271C4}.Debug|Any CPU.ActiveCfg = Debug|Any CPU
		{666D056B-0CFB-DDF1-B9F0-BBBC7A4271C4}.Debug|Any CPU.Build.0 = Debug|Any CPU
		{666D056B-0CFB-DDF1-B9F0-BBBC7A4271C4}.Release|Any CPU.ActiveCfg = Release|Any CPU
		{666D056B-0CFB-DDF1-B9F0-BBBC7A4271C4}.Release|Any CPU.Build.0 = Release|Any CPU
		{0E661D81-CEDD-4A92-B85C-80404E224DB0}.Debug|Any CPU.ActiveCfg = Debug|Any CPU
		{0E661D81-CEDD-4A92-B85C-80404E224DB0}.Debug|Any CPU.Build.0 = Debug|Any CPU
		{0E661D81-CEDD-4A92-B85C-80404E224DB0}.Release|Any CPU.ActiveCfg = Release|Any CPU
		{0E661D81-CEDD-4A92-B85C-80404E224DB0}.Release|Any CPU.Build.0 = Release|Any CPU
	EndGlobalSection
	GlobalSection(SolutionProperties) = preSolution
		HideSolutionNode = FALSE
	EndGlobalSection
	GlobalSection(NestedProjects) = preSolution
		{666D056B-0CFB-DDF1-B9F0-BBBC7A4271C4} = {D82C56D6-B2CD-F611-9E31-04638F7EC30E}
		{0E661D81-CEDD-4A92-B85C-80404E224DB0} = {D82C56D6-B2CD-F611-9E31-04638F7EC30E}
	EndGlobalSection
	GlobalSection(ExtensibilityGlobals) = postSolution
		SolutionGuid = {A9805F2E-785A-43C8-BC45-4097CF12230B}
	EndGlobalSection
EndGlobal
